
Microsoft Visual Studio Solution File, Format Version 12.00
# Visual Studio 15
VisualStudioVersion = 15.0.27130.2024
MinimumVisualStudioVersion = 10.0.40219.1
Project("{9A19103F-16F7-4668-BE54-9A1E7A4F7556}") = "CustomConfiguration", "CustomConfiguration\CustomConfiguration.csproj", "{E34067E6-7536-45AE-ACFB-F40C09E3F1FF}"
EndProject
Project("{9A19103F-16F7-4668-BE54-9A1E7A4F7556}") = "LoggingToFile", "LoggingToFile\LoggingToFile.csproj", "{461B04B6-2F1A-4495-BE95-A692B78C040F}"
EndProject
Project("{9A19103F-16F7-4668-BE54-9A1E7A4F7556}") = "CustomMiddleware", "CustomMiddleware\CustomMiddleware.csproj", "{5CC0A216-40EE-429E-9910-F8C69CE4BC8C}"
EndProject
Project("{9A19103F-16F7-4668-BE54-9A1E7A4F7556}") = "IoC", "IoC\IoC.csproj", "{3CF67890-2F0B-4993-A85C-4806AEB641DF}"
EndProject
Project("{2150E333-8FDC-42A3-9474-1A3956D46DE8}") = "Solution Items", "Solution Items", "{1C673956-86CF-4480-B8A5-5BADCD56121A}"
	ProjectSection(SolutionItems) = preProject
		README.md = README.md
	EndProjectSection
EndProject
Project("{9A19103F-16F7-4668-BE54-9A1E7A4F7556}") = "CustomCache", "CustomCache\CustomCache.csproj", "{9C293AC5-9F42-4C1D-BC71-69CEB1A1EFF2}"
EndProject
Project("{9A19103F-16F7-4668-BE54-9A1E7A4F7556}") = "AngularIntegration", "AngularIntegration\AngularIntegration.csproj", "{528DDF6D-0F4A-486F-ADFB-C946F81FDE2B}"
EndProject
Project("{9A19103F-16F7-4668-BE54-9A1E7A4F7556}") = "CookieAuthentication", "CookieAuthentication\CookieAuthentication.csproj", "{4060CF71-731A-42C7-9B73-DB531908DB7B}"
EndProject
Global
	GlobalSection(SolutionConfigurationPlatforms) = preSolution
		Debug|Any CPU = Debug|Any CPU
		Release|Any CPU = Release|Any CPU
	EndGlobalSection
	GlobalSection(ProjectConfigurationPlatforms) = postSolution
		{E34067E6-7536-45AE-ACFB-F40C09E3F1FF}.Debug|Any CPU.ActiveCfg = Debug|Any CPU
		{E34067E6-7536-45AE-ACFB-F40C09E3F1FF}.Debug|Any CPU.Build.0 = Debug|Any CPU
		{E34067E6-7536-45AE-ACFB-F40C09E3F1FF}.Release|Any CPU.ActiveCfg = Release|Any CPU
		{E34067E6-7536-45AE-ACFB-F40C09E3F1FF}.Release|Any CPU.Build.0 = Release|Any CPU
		{461B04B6-2F1A-4495-BE95-A692B78C040F}.Debug|Any CPU.ActiveCfg = Debug|Any CPU
		{461B04B6-2F1A-4495-BE95-A692B78C040F}.Debug|Any CPU.Build.0 = Debug|Any CPU
		{461B04B6-2F1A-4495-BE95-A692B78C040F}.Release|Any CPU.ActiveCfg = Release|Any CPU
		{461B04B6-2F1A-4495-BE95-A692B78C040F}.Release|Any CPU.Build.0 = Release|Any CPU
		{5CC0A216-40EE-429E-9910-F8C69CE4BC8C}.Debug|Any CPU.ActiveCfg = Debug|Any CPU
		{5CC0A216-40EE-429E-9910-F8C69CE4BC8C}.Debug|Any CPU.Build.0 = Debug|Any CPU
		{5CC0A216-40EE-429E-9910-F8C69CE4BC8C}.Release|Any CPU.ActiveCfg = Release|Any CPU
		{5CC0A216-40EE-429E-9910-F8C69CE4BC8C}.Release|Any CPU.Build.0 = Release|Any CPU
		{3CF67890-2F0B-4993-A85C-4806AEB641DF}.Debug|Any CPU.ActiveCfg = Debug|Any CPU
		{3CF67890-2F0B-4993-A85C-4806AEB641DF}.Debug|Any CPU.Build.0 = Debug|Any CPU
		{3CF67890-2F0B-4993-A85C-4806AEB641DF}.Release|Any CPU.ActiveCfg = Release|Any CPU
		{3CF67890-2F0B-4993-A85C-4806AEB641DF}.Release|Any CPU.Build.0 = Release|Any CPU
		{9C293AC5-9F42-4C1D-BC71-69CEB1A1EFF2}.Debug|Any CPU.ActiveCfg = Debug|Any CPU
		{9C293AC5-9F42-4C1D-BC71-69CEB1A1EFF2}.Debug|Any CPU.Build.0 = Debug|Any CPU
		{9C293AC5-9F42-4C1D-BC71-69CEB1A1EFF2}.Release|Any CPU.ActiveCfg = Release|Any CPU
		{9C293AC5-9F42-4C1D-BC71-69CEB1A1EFF2}.Release|Any CPU.Build.0 = Release|Any CPU
		{528DDF6D-0F4A-486F-ADFB-C946F81FDE2B}.Debug|Any CPU.ActiveCfg = Debug|Any CPU
		{528DDF6D-0F4A-486F-ADFB-C946F81FDE2B}.Debug|Any CPU.Build.0 = Debug|Any CPU
		{528DDF6D-0F4A-486F-ADFB-C946F81FDE2B}.Release|Any CPU.ActiveCfg = Release|Any CPU
		{528DDF6D-0F4A-486F-ADFB-C946F81FDE2B}.Release|Any CPU.Build.0 = Release|Any CPU
		{4060CF71-731A-42C7-9B73-DB531908DB7B}.Debug|Any CPU.ActiveCfg = Debug|Any CPU
		{4060CF71-731A-42C7-9B73-DB531908DB7B}.Debug|Any CPU.Build.0 = Debug|Any CPU
		{4060CF71-731A-42C7-9B73-DB531908DB7B}.Release|Any CPU.ActiveCfg = Release|Any CPU
		{4060CF71-731A-42C7-9B73-DB531908DB7B}.Release|Any CPU.Build.0 = Release|Any CPU
	EndGlobalSection
	GlobalSection(SolutionProperties) = preSolution
		HideSolutionNode = FALSE
	EndGlobalSection
	GlobalSection(ExtensibilityGlobals) = postSolution
		SolutionGuid = {39C2D1B1-AC1D-4079-AAA1-E7B72101B706}
	EndGlobalSection
EndGlobal
